
Microsoft Visual Studio Solution File, Format Version 12.00
# Visual Studio Version 17
VisualStudioVersion = 17.3.32811.315
MinimumVisualStudioVersion = 10.0.40219.1
Project("{8BC9CEB8-8B4A-11D0-8D11-00A0C91BC942}") = "01", "01\01.vcxproj", "{145782E0-FC6C-4ED4-A584-3E8B0076DDA7}"
EndProject
Project("{8BC9CEB8-8B4A-11D0-8D11-00A0C91BC942}") = "02", "02\02.vcxproj", "{C1B43376-516A-4897-BA03-5162B5654A03}"
EndProject
Project("{8BC9CEB8-8B4A-11D0-8D11-00A0C91BC942}") = "03", "03\03.vcxproj", "{50C3AF86-87DE-499A-AC8B-46CCC9A86839}"
EndProject
Project("{8BC9CEB8-8B4A-11D0-8D11-00A0C91BC942}") = "04", "04\04.vcxproj", "{38900521-A593-4E51-841A-A997770D8E86}"
EndProject
Global
	GlobalSection(SolutionConfigurationPlatforms) = preSolution
		Debug|x64 = Debug|x64
		Debug|x86 = Debug|x86
		Release|x64 = Release|x64
		Release|x86 = Release|x86
	EndGlobalSection
	GlobalSection(ProjectConfigurationPlatforms) = postSolution
		{145782E0-FC6C-4ED4-A584-3E8B0076DDA7}.Debug|x64.ActiveCfg = Debug|x64
		{145782E0-FC6C-4ED4-A584-3E8B0076DDA7}.Debug|x64.Build.0 = Debug|x64
		{145782E0-FC6C-4ED4-A584-3E8B0076DDA7}.Debug|x86.ActiveCfg = Debug|Win32
		{145782E0-FC6C-4ED4-A584-3E8B0076DDA7}.Debug|x86.Build.0 = Debug|Win32
		{145782E0-FC6C-4ED4-A584-3E8B0076DDA7}.Release|x64.ActiveCfg = Release|x64
		{145782E0-FC6C-4ED4-A584-3E8B0076DDA7}.Release|x64.Build.0 = Release|x64
		{145782E0-FC6C-4ED4-A584-3E8B0076DDA7}.Release|x86.ActiveCfg = Release|Win32
		{145782E0-FC6C-4ED4-A584-3E8B0076DDA7}.Release|x86.Build.0 = Release|Win32
		{C1B43376-516A-4897-BA03-5162B5654A03}.Debug|x64.ActiveCfg = Debug|x64
		{C1B43376-516A-4897-BA03-5162B5654A03}.Debug|x64.Build.0 = Debug|x64
		{C1B43376-516A-4897-BA03-5162B5654A03}.Debug|x86.ActiveCfg = Debug|Win32
		{C1B43376-516A-4897-BA03-5162B5654A03}.Debug|x86.Build.0 = Debug|Win32
		{C1B43376-516A-4897-BA03-5162B5654A03}.Release|x64.ActiveCfg = Release|x64
		{C1B43376-516A-4897-BA03-5162B5654A03}.Release|x64.Build.0 = Release|x64
		{C1B43376-516A-4897-BA03-5162B5654A03}.Release|x86.ActiveCfg = Release|Win32
		{C1B43376-516A-4897-BA03-5162B5654A03}.Release|x86.Build.0 = Release|Win32
		{50C3AF86-87DE-499A-AC8B-46CCC9A86839}.Debug|x64.ActiveCfg = Debug|x64
		{50C3AF86-87DE-499A-AC8B-46CCC9A86839}.Debug|x64.Build.0 = Debug|x64
		{50C3AF86-87DE-499A-AC8B-46CCC9A86839}.Debug|x86.ActiveCfg = Debug|Win32
		{50C3AF86-87DE-499A-AC8B-46CCC9A86839}.Debug|x86.Build.0 = Debug|Win32
		{50C3AF86-87DE-499A-AC8B-46CCC9A86839}.Release|x64.ActiveCfg = Release|x64
		{50C3AF86-87DE-499A-AC8B-46CCC9A86839}.Release|x64.Build.0 = Release|x64
		{50C3AF86-87DE-499A-AC8B-46CCC9A86839}.Release|x86.ActiveCfg = Release|Win32
		{50C3AF86-87DE-499A-AC8B-46CCC9A86839}.Release|x86.Build.0 = Release|Win32
		{38900521-A593-4E51-841A-A997770D8E86}.Debug|x64.ActiveCfg = Debug|x64
		{38900521-A593-4E51-841A-A997770D8E86}.Debug|x64.Build.0 = Debug|x64
		{38900521-A593-4E51-841A-A997770D8E86}.Debug|x86.ActiveCfg = Debug|Win32
		{38900521-A593-4E51-841A-A997770D8E86}.Debug|x86.Build.0 = Debug|Win32
		{38900521-A593-4E51-841A-A997770D8E86}.Release|x64.ActiveCfg = Release|x64
		{38900521-A593-4E51-841A-A997770D8E86}.Release|x64.Build.0 = Release|x64
		{38900521-A593-4E51-841A-A997770D8E86}.Release|x86.ActiveCfg = Release|Win32
		{38900521-A593-4E51-841A-A997770D8E86}.Release|x86.Build.0 = Release|Win32
	EndGlobalSection
	GlobalSection(SolutionProperties) = preSolution
		HideSolutionNode = FALSE
	EndGlobalSection
	GlobalSection(ExtensibilityGlobals) = postSolution
		SolutionGuid = {25A620B6-36B3-4F8E-AC0E-AC4ABFC62A8E}
	EndGlobalSection
EndGlobal
